
Microsoft Visual Studio Solution File, Format Version 12.00
# Visual Studio 2012
Project("{FAE04EC0-301F-11D3-BF4B-00C04F79EFBC}") = "01. Refactor code", "01. Refactor code\01. Refactor code.csproj", "{715FD8F5-49AA-4BA5-9558-F735E57852FC}"
EndProject
Project("{FAE04EC0-301F-11D3-BF4B-00C04F79EFBC}") = "02. Refactor code", "02. Refactor code\02. Refactor code.csproj", "{9E863762-E75C-482F-9F68-4C7A872AA1C9}"
EndProject
Global
	GlobalSection(SolutionConfigurationPlatforms) = preSolution
		Debug|Any CPU = Debug|Any CPU
		Release|Any CPU = Release|Any CPU
	EndGlobalSection
	GlobalSection(ProjectConfigurationPlatforms) = postSolution
		{715FD8F5-49AA-4BA5-9558-F735E57852FC}.Debug|Any CPU.ActiveCfg = Debug|Any CPU
		{715FD8F5-49AA-4BA5-9558-F735E57852FC}.Debug|Any CPU.Build.0 = Debug|Any CPU
		{715FD8F5-49AA-4BA5-9558-F735E57852FC}.Release|Any CPU.ActiveCfg = Release|Any CPU
		{715FD8F5-49AA-4BA5-9558-F735E57852FC}.Release|Any CPU.Build.0 = Release|Any CPU
		{9E863762-E75C-482F-9F68-4C7A872AA1C9}.Debug|Any CPU.ActiveCfg = Debug|Any CPU
		{9E863762-E75C-482F-9F68-4C7A872AA1C9}.Debug|Any CPU.Build.0 = Debug|Any CPU
		{9E863762-E75C-482F-9F68-4C7A872AA1C9}.Release|Any CPU.ActiveCfg = Release|Any CPU
		{9E863762-E75C-482F-9F68-4C7A872AA1C9}.Release|Any CPU.Build.0 = Release|Any CPU
	EndGlobalSection
	GlobalSection(SolutionProperties) = preSolution
		HideSolutionNode = FALSE
	EndGlobalSection
EndGlobal
